{
  "version": 4,
  "terraform_version": "1.7.4",
  "serial": 14,
  "lineage": "e3885c4a-a31f-f0d6-be57-b1e64fcbe745",
  "outputs": {},
  "resources": [
    {
      "mode": "managed",
      "type": "azurerm_network_interface",
      "name": "mtc-nic",
      "provider": "provider[\"registry.terraform.io/hashicorp/azurerm\"]",
      "instances": [
        {
          "schema_version": 0,
          "attributes": {
            "applied_dns_servers": [],
            "dns_servers": [],
            "edge_zone": "",
            "enable_accelerated_networking": false,
            "enable_ip_forwarding": false,
            "id": "/subscriptions/9ca73502-bab6-427c-b5c9-f4f3b7d24fb3/resourceGroups/mtc-resources/providers/Microsoft.Network/networkInterfaces/mtc-nic",
            "internal_dns_name_label": "",
            "internal_domain_name_suffix": "l3w3cpn4ncmufi453dc5jhmove.bx.internal.cloudapp.net",
            "ip_configuration": [
              {
                "gateway_load_balancer_frontend_ip_configuration_id": "",
                "name": "internal",
                "primary": true,
                "private_ip_address": "10.123.1.4",
                "private_ip_address_allocation": "Dynamic",
                "private_ip_address_version": "IPv4",
                "public_ip_address_id": "/subscriptions/9ca73502-bab6-427c-b5c9-f4f3b7d24fb3/resourceGroups/mtc-resources/providers/Microsoft.Network/publicIPAddresses/mtc-ip",
                "subnet_id": "/subscriptions/9ca73502-bab6-427c-b5c9-f4f3b7d24fb3/resourceGroups/mtc-resources/providers/Microsoft.Network/virtualNetworks/mtc-network/subnets/mtc-subnet"
              }
            ],
            "location": "eastus",
            "mac_address": "",
            "name": "mtc-nic",
            "private_ip_address": "10.123.1.4",
            "private_ip_addresses": [
              "10.123.1.4"
            ],
            "resource_group_name": "mtc-resources",
            "tags": {
              "environment": "dev"
            },
            "timeouts": null,
            "virtual_machine_id": ""
          },
          "sensitive_attributes": [],
          "private": "eyJlMmJmYjczMC1lY2FhLTExZTYtOGY4OC0zNDM2M2JjN2M0YzAiOnsiY3JlYXRlIjoxODAwMDAwMDAwMDAwLCJkZWxldGUiOjE4MDAwMDAwMDAwMDAsInJlYWQiOjMwMDAwMDAwMDAwMCwidXBkYXRlIjoxODAwMDAwMDAwMDAwfX0=",
          "dependencies": [
            "azurerm_public_ip.mtc-ip",
            "azurerm_resource_group.mtc-rg",
            "azurerm_subnet.mtc-subnet",
            "azurerm_virtual_network.mtc-vn"
          ]
        }
      ]
    },
    {
      "mode": "managed",
      "type": "azurerm_network_security_group",
      "name": "mtc-sg",
      "provider": "provider[\"registry.terraform.io/hashicorp/azurerm\"]",
      "instances": [
        {
          "schema_version": 0,
          "attributes": {
            "id": "/subscriptions/9ca73502-bab6-427c-b5c9-f4f3b7d24fb3/resourceGroups/mtc-resources/providers/Microsoft.Network/networkSecurityGroups/mtc-security-group",
            "location": "eastus",
            "name": "mtc-security-group",
            "resource_group_name": "mtc-resources",
            "security_rule": [
              {
                "access": "Allow",
                "description": "",
                "destination_address_prefix": "*",
                "destination_address_prefixes": [],
                "destination_application_security_group_ids": [],
                "destination_port_range": "*",
                "destination_port_ranges": [],
                "direction": "Inbound",
                "name": "mtc-dev-rule",
                "priority": 100,
                "protocol": "*",
                "source_address_prefix": "223.233.86.24/32",
                "source_address_prefixes": [],
                "source_application_security_group_ids": [],
                "source_port_range": "*",
                "source_port_ranges": []
              }
            ],
            "tags": {},
            "timeouts": null
          },
          "sensitive_attributes": [],
          "private": "eyJlMmJmYjczMC1lY2FhLTExZTYtOGY4OC0zNDM2M2JjN2M0YzAiOnsiY3JlYXRlIjoxODAwMDAwMDAwMDAwLCJkZWxldGUiOjE4MDAwMDAwMDAwMDAsInJlYWQiOjMwMDAwMDAwMDAwMCwidXBkYXRlIjoxODAwMDAwMDAwMDAwfX0=",
          "dependencies": [
            "azurerm_resource_group.mtc-rg"
          ]
        }
      ]
    },
    {
      "mode": "managed",
      "type": "azurerm_network_security_rule",
      "name": "mtc-dev-rule",
      "provider": "provider[\"registry.terraform.io/hashicorp/azurerm\"]",
      "instances": [
        {
          "schema_version": 0,
          "attributes": {
            "access": "Allow",
            "description": "",
            "destination_address_prefix": "*",
            "destination_address_prefixes": [],
            "destination_application_security_group_ids": [],
            "destination_port_range": "*",
            "destination_port_ranges": [],
            "direction": "Inbound",
            "id": "/subscriptions/9ca73502-bab6-427c-b5c9-f4f3b7d24fb3/resourceGroups/mtc-resources/providers/Microsoft.Network/networkSecurityGroups/mtc-security-group/securityRules/mtc-dev-rule",
            "name": "mtc-dev-rule",
            "network_security_group_name": "mtc-security-group",
            "priority": 100,
            "protocol": "*",
            "resource_group_name": "mtc-resources",
            "source_address_prefix": "223.233.86.24/32",
            "source_address_prefixes": [],
            "source_application_security_group_ids": [],
            "source_port_range": "*",
            "source_port_ranges": [],
            "timeouts": null
          },
          "sensitive_attributes": [],
          "private": "eyJlMmJmYjczMC1lY2FhLTExZTYtOGY4OC0zNDM2M2JjN2M0YzAiOnsiY3JlYXRlIjoxODAwMDAwMDAwMDAwLCJkZWxldGUiOjE4MDAwMDAwMDAwMDAsInJlYWQiOjMwMDAwMDAwMDAwMCwidXBkYXRlIjoxODAwMDAwMDAwMDAwfX0=",
          "dependencies": [
            "azurerm_network_security_group.mtc-sg",
            "azurerm_resource_group.mtc-rg"
          ]
        }
      ]
    },
    {
      "mode": "managed",
      "type": "azurerm_public_ip",
      "name": "mtc-ip",
      "provider": "provider[\"registry.terraform.io/hashicorp/azurerm\"]",
      "instances": [
        {
          "schema_version": 0,
          "attributes": {
            "allocation_method": "Dynamic",
            "domain_name_label": null,
            "edge_zone": "",
            "fqdn": null,
            "id": "/subscriptions/9ca73502-bab6-427c-b5c9-f4f3b7d24fb3/resourceGroups/mtc-resources/providers/Microsoft.Network/publicIPAddresses/mtc-ip",
            "idle_timeout_in_minutes": 4,
            "ip_address": "",
            "ip_tags": {},
            "ip_version": "IPv4",
            "location": "eastus",
            "name": "mtc-ip",
            "public_ip_prefix_id": null,
            "resource_group_name": "mtc-resources",
            "reverse_fqdn": null,
            "sku": "Basic",
            "sku_tier": "Regional",
            "tags": {
              "environment": "dev"
            },
            "timeouts": null,
            "zones": []
          },
          "sensitive_attributes": [],
          "private": "eyJlMmJmYjczMC1lY2FhLTExZTYtOGY4OC0zNDM2M2JjN2M0YzAiOnsiY3JlYXRlIjoxODAwMDAwMDAwMDAwLCJkZWxldGUiOjE4MDAwMDAwMDAwMDAsInJlYWQiOjMwMDAwMDAwMDAwMCwidXBkYXRlIjoxODAwMDAwMDAwMDAwfX0=",
          "dependencies": [
            "azurerm_resource_group.mtc-rg"
          ]
        }
      ]
    },
    {
      "mode": "managed",
      "type": "azurerm_resource_group",
      "name": "mtc-rg",
      "provider": "provider[\"registry.terraform.io/hashicorp/azurerm\"]",
      "instances": [
        {
          "schema_version": 0,
          "attributes": {
            "id": "/subscriptions/9ca73502-bab6-427c-b5c9-f4f3b7d24fb3/resourceGroups/mtc-resources",
            "location": "eastus",
            "name": "mtc-resources",
            "tags": {
              "environment": "dev"
            },
            "timeouts": null
          },
          "sensitive_attributes": [],
          "private": "eyJlMmJmYjczMC1lY2FhLTExZTYtOGY4OC0zNDM2M2JjN2M0YzAiOnsiY3JlYXRlIjo1NDAwMDAwMDAwMDAwLCJkZWxldGUiOjU0MDAwMDAwMDAwMDAsInJlYWQiOjMwMDAwMDAwMDAwMCwidXBkYXRlIjo1NDAwMDAwMDAwMDAwfX0="
        }
      ]
    },
    {
      "mode": "managed",
      "type": "azurerm_subnet",
      "name": "mtc-subnet",
      "provider": "provider[\"registry.terraform.io/hashicorp/azurerm\"]",
      "instances": [
        {
          "schema_version": 0,
          "attributes": {
            "address_prefixes": [
              "10.123.1.0/24"
            ],
            "delegation": [],
            "enforce_private_link_endpoint_network_policies": false,
            "enforce_private_link_service_network_policies": false,
            "id": "/subscriptions/9ca73502-bab6-427c-b5c9-f4f3b7d24fb3/resourceGroups/mtc-resources/providers/Microsoft.Network/virtualNetworks/mtc-network/subnets/mtc-subnet",
            "name": "mtc-subnet",
            "resource_group_name": "mtc-resources",
            "service_endpoint_policy_ids": [],
            "service_endpoints": [],
            "timeouts": null,
            "virtual_network_name": "mtc-network"
          },
          "sensitive_attributes": [],
          "private": "eyJlMmJmYjczMC1lY2FhLTExZTYtOGY4OC0zNDM2M2JjN2M0YzAiOnsiY3JlYXRlIjoxODAwMDAwMDAwMDAwLCJkZWxldGUiOjE4MDAwMDAwMDAwMDAsInJlYWQiOjMwMDAwMDAwMDAwMCwidXBkYXRlIjoxODAwMDAwMDAwMDAwfX0=",
          "dependencies": [
            "azurerm_resource_group.mtc-rg",
            "azurerm_virtual_network.mtc-vn"
          ]
        }
      ]
    },
    {
      "mode": "managed",
      "type": "azurerm_subnet_network_security_group_association",
      "name": "mtc-sga",
      "provider": "provider[\"registry.terraform.io/hashicorp/azurerm\"]",
      "instances": [
        {
          "schema_version": 0,
          "attributes": {
            "id": "/subscriptions/9ca73502-bab6-427c-b5c9-f4f3b7d24fb3/resourceGroups/mtc-resources/providers/Microsoft.Network/virtualNetworks/mtc-network/subnets/mtc-subnet",
            "network_security_group_id": "/subscriptions/9ca73502-bab6-427c-b5c9-f4f3b7d24fb3/resourceGroups/mtc-resources/providers/Microsoft.Network/networkSecurityGroups/mtc-security-group",
            "subnet_id": "/subscriptions/9ca73502-bab6-427c-b5c9-f4f3b7d24fb3/resourceGroups/mtc-resources/providers/Microsoft.Network/virtualNetworks/mtc-network/subnets/mtc-subnet",
            "timeouts": null
          },
          "sensitive_attributes": [],
          "private": "eyJlMmJmYjczMC1lY2FhLTExZTYtOGY4OC0zNDM2M2JjN2M0YzAiOnsiY3JlYXRlIjoxODAwMDAwMDAwMDAwLCJkZWxldGUiOjE4MDAwMDAwMDAwMDAsInJlYWQiOjMwMDAwMDAwMDAwMCwidXBkYXRlIjoxODAwMDAwMDAwMDAwfX0=",
          "dependencies": [
            "azurerm_network_security_group.mtc-sg",
            "azurerm_resource_group.mtc-rg",
            "azurerm_subnet.mtc-subnet",
            "azurerm_virtual_network.mtc-vn"
          ]
        }
      ]
    },
    {
      "mode": "managed",
      "type": "azurerm_virtual_network",
      "name": "mtc-vn",
      "provider": "provider[\"registry.terraform.io/hashicorp/azurerm\"]",
      "instances": [
        {
          "schema_version": 0,
          "attributes": {
            "address_space": [
              "10.123.0.0/16"
            ],
            "bgp_community": "",
            "ddos_protection_plan": [],
            "dns_servers": [],
            "edge_zone": "",
            "flow_timeout_in_minutes": 0,
            "guid": "3dd16d5f-68be-4299-a3df-e8c5f49d8eac",
            "id": "/subscriptions/9ca73502-bab6-427c-b5c9-f4f3b7d24fb3/resourceGroups/mtc-resources/providers/Microsoft.Network/virtualNetworks/mtc-network",
            "location": "eastus",
            "name": "mtc-network",
            "resource_group_name": "mtc-resources",
            "subnet": [
              {
                "address_prefix": "10.123.1.0/24",
                "id": "/subscriptions/9ca73502-bab6-427c-b5c9-f4f3b7d24fb3/resourceGroups/mtc-resources/providers/Microsoft.Network/virtualNetworks/mtc-network/subnets/mtc-subnet",
                "name": "mtc-subnet",
                "security_group": "/subscriptions/9ca73502-bab6-427c-b5c9-f4f3b7d24fb3/resourceGroups/mtc-resources/providers/Microsoft.Network/networkSecurityGroups/mtc-security-group"
              }
            ],
            "tags": {
              "environment": "dev"
            },
            "timeouts": null
          },
          "sensitive_attributes": [],
          "private": "eyJlMmJmYjczMC1lY2FhLTExZTYtOGY4OC0zNDM2M2JjN2M0YzAiOnsiY3JlYXRlIjoxODAwMDAwMDAwMDAwLCJkZWxldGUiOjE4MDAwMDAwMDAwMDAsInJlYWQiOjMwMDAwMDAwMDAwMCwidXBkYXRlIjoxODAwMDAwMDAwMDAwfX0=",
          "dependencies": [
            "azurerm_resource_group.mtc-rg"
          ]
        }
      ]
    }
  ],
  "check_results": null
}
